
Microsoft Visual Studio Solution File, Format Version 12.00
# Visual Studio Version 17
VisualStudioVersion = 17.2.32616.157
MinimumVisualStudioVersion = 10.0.40219.1
Project("{FAE04EC0-301F-11D3-BF4B-00C04F79EFBC}") = "TcpServerResearch", "TcpServerResearch\TcpServerResearch.csproj", "{2579823C-147B-4FBA-BAAA-98A3710B0706}"
EndProject
Project("{FAE04EC0-301F-11D3-BF4B-00C04F79EFBC}") = "TcpServer", "TcpServer\TcpServer.csproj", "{5151BDEC-F837-42E9-B034-E447D0284C51}"
EndProject
Global
	GlobalSection(SolutionConfigurationPlatforms) = preSolution
		Debug|Any CPU = Debug|Any CPU
		Release|Any CPU = Release|Any CPU
	EndGlobalSection
	GlobalSection(ProjectConfigurationPlatforms) = postSolution
		{2579823C-147B-4FBA-BAAA-98A3710B0706}.Debug|Any CPU.ActiveCfg = Debug|Any CPU
		{2579823C-147B-4FBA-BAAA-98A3710B0706}.Debug|Any CPU.Build.0 = Debug|Any CPU
		{2579823C-147B-4FBA-BAAA-98A3710B0706}.Release|Any CPU.ActiveCfg = Release|Any CPU
		{2579823C-147B-4FBA-BAAA-98A3710B0706}.Release|Any CPU.Build.0 = Release|Any CPU
		{5151BDEC-F837-42E9-B034-E447D0284C51}.Debug|Any CPU.ActiveCfg = Debug|Any CPU
		{5151BDEC-F837-42E9-B034-E447D0284C51}.Debug|Any CPU.Build.0 = Debug|Any CPU
		{5151BDEC-F837-42E9-B034-E447D0284C51}.Release|Any CPU.ActiveCfg = Release|Any CPU
		{5151BDEC-F837-42E9-B034-E447D0284C51}.Release|Any CPU.Build.0 = Release|Any CPU
	EndGlobalSection
	GlobalSection(SolutionProperties) = preSolution
		HideSolutionNode = FALSE
	EndGlobalSection
	GlobalSection(ExtensibilityGlobals) = postSolution
		SolutionGuid = {7CC8ACEA-AC11-4B22-AB61-B81BEF5FA662}
	EndGlobalSection
EndGlobal
